
Microsoft Visual Studio Solution File, Format Version 12.00
# Visual Studio Version 16
VisualStudioVersion = 16.0.31729.503
MinimumVisualStudioVersion = 10.0.40219.1
Project("{8BC9CEB8-8B4A-11D0-8D11-00A0C91BC942}") = "riptide_test", "riptide_test.vcxproj", "{82244EF4-DA31-42CB-9E9A-A1C7FD19AD25}"
EndProject
Global
	GlobalSection(SolutionConfigurationPlatforms) = preSolution
		Debug|x64 = Debug|x64
		Release|x64 = Release|x64
	EndGlobalSection
	GlobalSection(ProjectConfigurationPlatforms) = postSolution
		{82244EF4-DA31-42CB-9E9A-A1C7FD19AD25}.Debug|x64.ActiveCfg = Debug|x64
		{82244EF4-DA31-42CB-9E9A-A1C7FD19AD25}.Debug|x64.Build.0 = Debug|x64
		{82244EF4-DA31-42CB-9E9A-A1C7FD19AD25}.Release|x64.ActiveCfg = Release|x64
		{82244EF4-DA31-42CB-9E9A-A1C7FD19AD25}.Release|x64.Build.0 = Release|x64
	EndGlobalSection
	GlobalSection(SolutionProperties) = preSolution
		HideSolutionNode = FALSE
	EndGlobalSection
	GlobalSection(ExtensibilityGlobals) = postSolution
		SolutionGuid = {673EBAB0-D54B-4B81-84B5-B1A851A1D1AE}
	EndGlobalSection
EndGlobal
